{
  "name": "saml_issuer",
  "version": "0.1.0",
  "lockfileVersion": 3,
  "requires": true,
  "packages": {
    "": {
      "name": "saml_issuer",
      "version": "0.1.0",
      "license": "MIT",
      "dependencies": {
        "@privacybydesign/yivi-frontend": "^1.0.2",
        "jquery": "^4.0.0"
      }
    },
    "node_modules/@privacybydesign/yivi-css": {
      "version": "1.0.1",
      "resolved": "https://registry.npmjs.org/@privacybydesign/yivi-css/-/yivi-css-1.0.1.tgz",
      "integrity": "sha512-4cN1cSrgmbm5+syhgFOMV0zW0jJMED1WD0vAGlYKrEhf4vMWIZCE0pwFjRwRDlR+Qgy6fNtgW27Qt8EyF0pkfg==",
      "license": "SEE LICENSE IN REPOSITORY"
    },
    "node_modules/@privacybydesign/yivi-frontend": {
      "version": "1.0.2",
      "resolved": "https://registry.npmjs.org/@privacybydesign/yivi-frontend/-/yivi-frontend-1.0.2.tgz",
      "integrity": "sha512-23LYQqTVmYgVYPuJaZD5KzsvxHtgLOKSUCb8hS55BsidA31so8bWNnnmtkrl7JZTK7QX6S5RVakeI05qHyjW1g==",
      "license": "SEE LICENSE IN REPOSITORY",
      "dependencies": {
        "@privacybydesign/yivi-css": "1.0.1"
      }
    },
    "node_modules/jquery": {
      "version": "4.0.0",
      "resolved": "https://registry.npmjs.org/jquery/-/jquery-4.0.0.tgz",
      "integrity": "sha512-TXCHVR3Lb6TZdtw1l3RTLf8RBWVGexdxL6AC8/e0xZKEpBflBsjh9/8LXw+dkNFuOyW9B7iB3O1sP7hS0Kiacg==",
      "license": "MIT"
    }
  }
}
