{
  "name": "saml_issuer",
  "version": "0.1.0",
  "lockfileVersion": 3,
  "requires": true,
  "packages": {
    "": {
      "name": "saml_issuer",
      "version": "0.1.0",
      "license": "MIT",
      "dependencies": {
        "@privacybydesign/yivi-frontend": "^0.2.1",
        "jquery": "^3.5.0"
      }
    },
    "node_modules/@privacybydesign/yivi-frontend": {
      "version": "0.2.1",
      "resolved": "https://registry.npmjs.org/@privacybydesign/yivi-frontend/-/yivi-frontend-0.2.1.tgz",
      "integrity": "sha512-v9Xv6YGIL7qxI4JkQqHfPs99tNC3TMlZHzQ8PLp3iw2fEoIZMQBBOvLMfDyiP9vBOI+aLVpdnM4cuJisHl1riA==",
      "license": "SEE LICENSE IN REPOSITORY"
    },
    "node_modules/jquery": {
      "version": "3.5.0",
      "resolved": "https://registry.npmjs.org/jquery/-/jquery-3.5.0.tgz",
      "integrity": "sha512-Xb7SVYMvygPxbFMpTFQiHh1J7HClEaThguL15N/Gg37Lri/qKyhRGZYzHRyLH8Stq3Aow0LsHO2O2ci86fCrNQ==",
      "license": "MIT"
    }
  }
}
