# THIS IS AN AUTOGENERATED FILE. DO NOT EDIT THIS FILE DIRECTLY.
# yarn lockfile v1


"@privacybydesign/yivi-css@1.0.1":
  version "1.0.1"
  resolved "https://registry.npmjs.org/@privacybydesign/yivi-css/-/yivi-css-1.0.1.tgz"
  integrity sha512-4cN1cSrgmbm5+syhgFOMV0zW0jJMED1WD0vAGlYKrEhf4vMWIZCE0pwFjRwRDlR+Qgy6fNtgW27Qt8EyF0pkfg==

"@privacybydesign/yivi-frontend@^1.0.2":
  version "1.0.2"
  resolved "https://registry.npmjs.org/@privacybydesign/yivi-frontend/-/yivi-frontend-1.0.2.tgz"
  integrity sha512-23LYQqTVmYgVYPuJaZD5KzsvxHtgLOKSUCb8hS55BsidA31so8bWNnnmtkrl7JZTK7QX6S5RVakeI05qHyjW1g==
  dependencies:
    "@privacybydesign/yivi-css" "1.0.1"

jquery@^4.0.0:
  version "4.0.0"
  resolved "https://registry.npmjs.org/jquery/-/jquery-4.0.0.tgz"
  integrity sha512-TXCHVR3Lb6TZdtw1l3RTLf8RBWVGexdxL6AC8/e0xZKEpBflBsjh9/8LXw+dkNFuOyW9B7iB3O1sP7hS0Kiacg==
